
Microsoft Visual Studio Solution File, Format Version 12.00
# Visual Studio Version 17
VisualStudioVersion = 17.0.32112.339
MinimumVisualStudioVersion = 10.0.40219.1
Project("{9A19103F-16F7-4668-BE54-9A1E7A4F7556}") = "MyMediaLibrary.API", "MyMediaLibrary.API\MyMediaLibrary.API.csproj", "{80C102F1-2D51-4D41-B64E-2B64B97AB1FD}"
EndProject
Project("{9A19103F-16F7-4668-BE54-9A1E7A4F7556}") = "MyMediaLibrary.Application", "MyMediaLibrary.Application\MyMediaLibrary.Application.csproj", "{8AE33BE4-9402-46D0-B0B4-A969C414169E}"
EndProject
Project("{9A19103F-16F7-4668-BE54-9A1E7A4F7556}") = "MyMediaLibrary.Domain", "MyMediaLibrary.Domain\MyMediaLibrary.Domain.csproj", "{928FB536-5DEF-4931-A6B8-23DE2AF5D959}"
EndProject
Project("{9A19103F-16F7-4668-BE54-9A1E7A4F7556}") = "MyMediaLibrary.Infrastructure", "MyMediaLibrary.Infrastructure\MyMediaLibrary.Infrastructure.csproj", "{219EE2C5-BDEE-41BE-9CBB-0C991D1EB1E8}"
EndProject
Project("{FAE04EC0-301F-11D3-BF4B-00C04F79EFBC}") = "MyMediaLibrary.UnitTests", "MyMediaLibrary.UnitTests\MyMediaLibrary.UnitTests.csproj", "{5A8ED60F-D752-4428-9D90-01142036E922}"
EndProject
Global
	GlobalSection(SolutionConfigurationPlatforms) = preSolution
		Debug|Any CPU = Debug|Any CPU
		Release|Any CPU = Release|Any CPU
	EndGlobalSection
	GlobalSection(ProjectConfigurationPlatforms) = postSolution
		{80C102F1-2D51-4D41-B64E-2B64B97AB1FD}.Debug|Any CPU.ActiveCfg = Debug|Any CPU
		{80C102F1-2D51-4D41-B64E-2B64B97AB1FD}.Debug|Any CPU.Build.0 = Debug|Any CPU
		{80C102F1-2D51-4D41-B64E-2B64B97AB1FD}.Release|Any CPU.ActiveCfg = Release|Any CPU
		{80C102F1-2D51-4D41-B64E-2B64B97AB1FD}.Release|Any CPU.Build.0 = Release|Any CPU
		{8AE33BE4-9402-46D0-B0B4-A969C414169E}.Debug|Any CPU.ActiveCfg = Debug|Any CPU
		{8AE33BE4-9402-46D0-B0B4-A969C414169E}.Debug|Any CPU.Build.0 = Debug|Any CPU
		{8AE33BE4-9402-46D0-B0B4-A969C414169E}.Release|Any CPU.ActiveCfg = Release|Any CPU
		{8AE33BE4-9402-46D0-B0B4-A969C414169E}.Release|Any CPU.Build.0 = Release|Any CPU
		{928FB536-5DEF-4931-A6B8-23DE2AF5D959}.Debug|Any CPU.ActiveCfg = Debug|Any CPU
		{928FB536-5DEF-4931-A6B8-23DE2AF5D959}.Debug|Any CPU.Build.0 = Debug|Any CPU
		{928FB536-5DEF-4931-A6B8-23DE2AF5D959}.Release|Any CPU.ActiveCfg = Release|Any CPU
		{928FB536-5DEF-4931-A6B8-23DE2AF5D959}.Release|Any CPU.Build.0 = Release|Any CPU
		{219EE2C5-BDEE-41BE-9CBB-0C991D1EB1E8}.Debug|Any CPU.ActiveCfg = Debug|Any CPU
		{219EE2C5-BDEE-41BE-9CBB-0C991D1EB1E8}.Debug|Any CPU.Build.0 = Debug|Any CPU
		{219EE2C5-BDEE-41BE-9CBB-0C991D1EB1E8}.Release|Any CPU.ActiveCfg = Release|Any CPU
		{219EE2C5-BDEE-41BE-9CBB-0C991D1EB1E8}.Release|Any CPU.Build.0 = Release|Any CPU
		{5A8ED60F-D752-4428-9D90-01142036E922}.Debug|Any CPU.ActiveCfg = Debug|Any CPU
		{5A8ED60F-D752-4428-9D90-01142036E922}.Debug|Any CPU.Build.0 = Debug|Any CPU
		{5A8ED60F-D752-4428-9D90-01142036E922}.Release|Any CPU.ActiveCfg = Release|Any CPU
		{5A8ED60F-D752-4428-9D90-01142036E922}.Release|Any CPU.Build.0 = Release|Any CPU
	EndGlobalSection
	GlobalSection(SolutionProperties) = preSolution
		HideSolutionNode = FALSE
	EndGlobalSection
	GlobalSection(ExtensibilityGlobals) = postSolution
		SolutionGuid = {015165FD-C88A-4812-9825-263152D2B9C8}
	EndGlobalSection
EndGlobal
